
Microsoft Visual Studio Solution File, Format Version 12.00
# Visual Studio 15
VisualStudioVersion = 15.0.27428.2037
MinimumVisualStudioVersion = 10.0.40219.1
Project("{FAE04EC0-301F-11D3-BF4B-00C04F79EFBC}") = "Lab9StudentIndexAlphabetical", "Lab9StudentIndexAlphabetical\Lab9StudentIndexAlphabetical.csproj", "{11220941-2BA1-4820-94AE-73DC36165A11}"
EndProject
Global
	GlobalSection(SolutionConfigurationPlatforms) = preSolution
		Debug|Any CPU = Debug|Any CPU
		Release|Any CPU = Release|Any CPU
	EndGlobalSection
	GlobalSection(ProjectConfigurationPlatforms) = postSolution
		{11220941-2BA1-4820-94AE-73DC36165A11}.Debug|Any CPU.ActiveCfg = Debug|Any CPU
		{11220941-2BA1-4820-94AE-73DC36165A11}.Debug|Any CPU.Build.0 = Debug|Any CPU
		{11220941-2BA1-4820-94AE-73DC36165A11}.Release|Any CPU.ActiveCfg = Release|Any CPU
		{11220941-2BA1-4820-94AE-73DC36165A11}.Release|Any CPU.Build.0 = Release|Any CPU
	EndGlobalSection
	GlobalSection(SolutionProperties) = preSolution
		HideSolutionNode = FALSE
	EndGlobalSection
	GlobalSection(ExtensibilityGlobals) = postSolution
		SolutionGuid = {06ED120D-E497-45CC-9BD2-B28A4776450E}
	EndGlobalSection
EndGlobal
